
Microsoft Visual Studio Solution File, Format Version 12.00
# Visual Studio Version 16
VisualStudioVersion = 16.0.28803.202
MinimumVisualStudioVersion = 10.0.40219.1
Project("{FAE04EC0-301F-11D3-BF4B-00C04F79EFBC}") = "Velaro.ChatService", "Velaro.ChatService\Velaro.ChatService.csproj", "{9150CD71-A76B-4BEF-A516-7A01B68E7AA7}"
EndProject
Global
	GlobalSection(SolutionConfigurationPlatforms) = preSolution
		Debug|Any CPU = Debug|Any CPU
		Release|Any CPU = Release|Any CPU
	EndGlobalSection
	GlobalSection(ProjectConfigurationPlatforms) = postSolution
		{9150CD71-A76B-4BEF-A516-7A01B68E7AA7}.Debug|Any CPU.ActiveCfg = Debug|Any CPU
		{9150CD71-A76B-4BEF-A516-7A01B68E7AA7}.Debug|Any CPU.Build.0 = Debug|Any CPU
		{9150CD71-A76B-4BEF-A516-7A01B68E7AA7}.Release|Any CPU.ActiveCfg = Release|Any CPU
		{9150CD71-A76B-4BEF-A516-7A01B68E7AA7}.Release|Any CPU.Build.0 = Release|Any CPU
	EndGlobalSection
	GlobalSection(SolutionProperties) = preSolution
		HideSolutionNode = FALSE
	EndGlobalSection
	GlobalSection(ExtensibilityGlobals) = postSolution
		SolutionGuid = {5698A421-E703-47C0-8AB7-1FAA6F555E86}
	EndGlobalSection
EndGlobal
